
Microsoft Visual Studio Solution File, Format Version 12.00
# Visual Studio 15
VisualStudioVersion = 15.0.27130.2010
MinimumVisualStudioVersion = 10.0.40219.1
Project("{9A19103F-16F7-4668-BE54-9A1E7A4F7556}") = "NHLStats.Api", "NHLStats.Api\NHLStats.Api.csproj", "{2988F8C6-0F4F-419B-911B-B69515A7800D}"
EndProject
Project("{9A19103F-16F7-4668-BE54-9A1E7A4F7556}") = "NHLStats.Core", "NHLStats.Core\NHLStats.Core.csproj", "{E66B37D4-082D-42FC-A049-A1B183E18A2D}"
EndProject
Project("{9A19103F-16F7-4668-BE54-9A1E7A4F7556}") = "NHLStats.Data", "NHLStats.Data\NHLStats.Data.csproj", "{BFC5C5AF-26AA-4E41-85D5-37F23AE713A6}"
EndProject
Project("{2150E333-8FDC-42A3-9474-1A3956D46DE8}") = "Solution Items", "Solution Items", "{231E7EC1-B4A9-4DB1-B21C-8D8ED136A1DC}"
	ProjectSection(SolutionItems) = preProject
		..\Directory.Build.props = ..\Directory.Build.props
		..\README.md = ..\README.md
	EndProjectSection
EndProject
Project("{2150E333-8FDC-42A3-9474-1A3956D46DE8}") = "NHLStats", "NHLStats", "{46308B70-C023-4C7E-A8D9-6645AEC8E3D0}"
EndProject
Project("{2150E333-8FDC-42A3-9474-1A3956D46DE8}") = "MyHotel0", "MyHotel0", "{F7B572EE-4587-48B6-867E-25DB182E7A44}"
EndProject
Project("{9A19103F-16F7-4668-BE54-9A1E7A4F7556}") = "MyHotel0 (no dynamic + DB Entity)", "MyHotel0\MyHotel0 (no dynamic + DB Entity).csproj", "{D77B2748-58B5-460C-95DF-DF88ED4F54B8}"
EndProject
Project("{9A19103F-16F7-4668-BE54-9A1E7A4F7556}") = "MyHotel2 (dynamic + Mapper)", "MyHotel2\MyHotel2 (dynamic + Mapper).csproj", "{935BB54E-8516-41C0-B3AF-4CD6550A4D9E}"
EndProject
Project("{2150E333-8FDC-42A3-9474-1A3956D46DE8}") = "MyHotel2", "MyHotel2", "{5DA79724-DFA8-4AB7-8C06-0AD40A41C153}"
EndProject
Project("{2150E333-8FDC-42A3-9474-1A3956D46DE8}") = "AzureFunction", "AzureFunction", "{FE922B0D-16F3-45AC-BB0B-C449A6233A69}"
EndProject
Project("{9A19103F-16F7-4668-BE54-9A1E7A4F7556}") = "Demo.Azure.Functions.GraphQL", "Demo.Azure.Functions.GraphQL\Demo.Azure.Functions.GraphQL.csproj", "{0BD47B35-FFA9-489C-9092-EC81D4AA9E4E}"
EndProject
Project("{2150E333-8FDC-42A3-9474-1A3956D46DE8}") = "MyHotel1", "MyHotel1", "{ED4F7ED4-9CFD-43FD-9A94-C028C1CB010E}"
EndProject
Project("{9A19103F-16F7-4668-BE54-9A1E7A4F7556}") = "MyHotel1 (dynamic + DB Entity)", "MyHotel1\MyHotel1 (dynamic + DB Entity).csproj", "{45F3A822-8F81-4716-BFBB-73161D459161}"
EndProject
Project("{2150E333-8FDC-42A3-9474-1A3956D46DE8}") = "Authorization", "Authorization", "{BBC757BE-20B6-40C6-9E44-2C8F497AC8F6}"
EndProject
Project("{9A19103F-16F7-4668-BE54-9A1E7A4F7556}") = "GraphQLNet", "GraphQL\GraphQLNet\GraphQLNet.csproj", "{CC914DF2-0811-4AA0-8C43-C5BB304CEF8D}"
EndProject
Global
	GlobalSection(SolutionConfigurationPlatforms) = preSolution
		Debug|Any CPU = Debug|Any CPU
		Release|Any CPU = Release|Any CPU
	EndGlobalSection
	GlobalSection(ProjectConfigurationPlatforms) = postSolution
		{2988F8C6-0F4F-419B-911B-B69515A7800D}.Debug|Any CPU.ActiveCfg = Debug|Any CPU
		{2988F8C6-0F4F-419B-911B-B69515A7800D}.Debug|Any CPU.Build.0 = Debug|Any CPU
		{2988F8C6-0F4F-419B-911B-B69515A7800D}.Release|Any CPU.ActiveCfg = Release|Any CPU
		{2988F8C6-0F4F-419B-911B-B69515A7800D}.Release|Any CPU.Build.0 = Release|Any CPU
		{E66B37D4-082D-42FC-A049-A1B183E18A2D}.Debug|Any CPU.ActiveCfg = Debug|Any CPU
		{E66B37D4-082D-42FC-A049-A1B183E18A2D}.Debug|Any CPU.Build.0 = Debug|Any CPU
		{E66B37D4-082D-42FC-A049-A1B183E18A2D}.Release|Any CPU.ActiveCfg = Release|Any CPU
		{E66B37D4-082D-42FC-A049-A1B183E18A2D}.Release|Any CPU.Build.0 = Release|Any CPU
		{BFC5C5AF-26AA-4E41-85D5-37F23AE713A6}.Debug|Any CPU.ActiveCfg = Debug|Any CPU
		{BFC5C5AF-26AA-4E41-85D5-37F23AE713A6}.Debug|Any CPU.Build.0 = Debug|Any CPU
		{BFC5C5AF-26AA-4E41-85D5-37F23AE713A6}.Release|Any CPU.ActiveCfg = Release|Any CPU
		{BFC5C5AF-26AA-4E41-85D5-37F23AE713A6}.Release|Any CPU.Build.0 = Release|Any CPU
		{D77B2748-58B5-460C-95DF-DF88ED4F54B8}.Debug|Any CPU.ActiveCfg = Debug|Any CPU
		{D77B2748-58B5-460C-95DF-DF88ED4F54B8}.Debug|Any CPU.Build.0 = Debug|Any CPU
		{D77B2748-58B5-460C-95DF-DF88ED4F54B8}.Release|Any CPU.ActiveCfg = Release|Any CPU
		{D77B2748-58B5-460C-95DF-DF88ED4F54B8}.Release|Any CPU.Build.0 = Release|Any CPU
		{935BB54E-8516-41C0-B3AF-4CD6550A4D9E}.Debug|Any CPU.ActiveCfg = Debug|Any CPU
		{935BB54E-8516-41C0-B3AF-4CD6550A4D9E}.Debug|Any CPU.Build.0 = Debug|Any CPU
		{935BB54E-8516-41C0-B3AF-4CD6550A4D9E}.Release|Any CPU.ActiveCfg = Release|Any CPU
		{935BB54E-8516-41C0-B3AF-4CD6550A4D9E}.Release|Any CPU.Build.0 = Release|Any CPU
		{0BD47B35-FFA9-489C-9092-EC81D4AA9E4E}.Debug|Any CPU.ActiveCfg = Debug|Any CPU
		{0BD47B35-FFA9-489C-9092-EC81D4AA9E4E}.Debug|Any CPU.Build.0 = Debug|Any CPU
		{0BD47B35-FFA9-489C-9092-EC81D4AA9E4E}.Release|Any CPU.ActiveCfg = Release|Any CPU
		{0BD47B35-FFA9-489C-9092-EC81D4AA9E4E}.Release|Any CPU.Build.0 = Release|Any CPU
		{45F3A822-8F81-4716-BFBB-73161D459161}.Debug|Any CPU.ActiveCfg = Debug|Any CPU
		{45F3A822-8F81-4716-BFBB-73161D459161}.Debug|Any CPU.Build.0 = Debug|Any CPU
		{45F3A822-8F81-4716-BFBB-73161D459161}.Release|Any CPU.ActiveCfg = Release|Any CPU
		{45F3A822-8F81-4716-BFBB-73161D459161}.Release|Any CPU.Build.0 = Release|Any CPU
		{CC914DF2-0811-4AA0-8C43-C5BB304CEF8D}.Debug|Any CPU.ActiveCfg = Debug|Any CPU
		{CC914DF2-0811-4AA0-8C43-C5BB304CEF8D}.Debug|Any CPU.Build.0 = Debug|Any CPU
		{CC914DF2-0811-4AA0-8C43-C5BB304CEF8D}.Release|Any CPU.ActiveCfg = Release|Any CPU
		{CC914DF2-0811-4AA0-8C43-C5BB304CEF8D}.Release|Any CPU.Build.0 = Release|Any CPU
	EndGlobalSection
	GlobalSection(SolutionProperties) = preSolution
		HideSolutionNode = FALSE
	EndGlobalSection
	GlobalSection(NestedProjects) = preSolution
		{2988F8C6-0F4F-419B-911B-B69515A7800D} = {46308B70-C023-4C7E-A8D9-6645AEC8E3D0}
		{E66B37D4-082D-42FC-A049-A1B183E18A2D} = {46308B70-C023-4C7E-A8D9-6645AEC8E3D0}
		{BFC5C5AF-26AA-4E41-85D5-37F23AE713A6} = {46308B70-C023-4C7E-A8D9-6645AEC8E3D0}
		{D77B2748-58B5-460C-95DF-DF88ED4F54B8} = {F7B572EE-4587-48B6-867E-25DB182E7A44}
		{935BB54E-8516-41C0-B3AF-4CD6550A4D9E} = {5DA79724-DFA8-4AB7-8C06-0AD40A41C153}
		{0BD47B35-FFA9-489C-9092-EC81D4AA9E4E} = {FE922B0D-16F3-45AC-BB0B-C449A6233A69}
		{45F3A822-8F81-4716-BFBB-73161D459161} = {ED4F7ED4-9CFD-43FD-9A94-C028C1CB010E}
		{CC914DF2-0811-4AA0-8C43-C5BB304CEF8D} = {BBC757BE-20B6-40C6-9E44-2C8F497AC8F6}
	EndGlobalSection
	GlobalSection(ExtensibilityGlobals) = postSolution
		SolutionGuid = {8C9F3067-8D49-47A5-B5D1-5C7FA8527166}
	EndGlobalSection
EndGlobal
